PODS:
  - Brightcove-Player-SDK (4.1.5):
    - ReactiveCocoa (~> 2.1)
  - Brightcove-Player-SDK-IMA (1.0.5):
    - Brightcove-Player-SDK (~> 4.1)
    - GoogleAds-IMA-iOS-SDK (= 3.0.beta.4)
  - GoogleAds-IMA-iOS-SDK (3.0.beta.4)
  - ReactiveCocoa (2.3):
    - ReactiveCocoa/Core
    - ReactiveCocoa/no-arc
  - ReactiveCocoa/Core (2.3):
    - ReactiveCocoa/no-arc
  - ReactiveCocoa/no-arc (2.3)

DEPENDENCIES:
  - Brightcove-Player-SDK (= 4.1.5)
  - Brightcove-Player-SDK-IMA (= 1.0.5)

SPEC CHECKSUMS:
  Brightcove-Player-SDK: 7be0eae28ae191ccc661dc2f96976695bd385c5c
  Brightcove-Player-SDK-IMA: 44c2726c374e849decefd1ed4dd9c3b6624ebb96
  GoogleAds-IMA-iOS-SDK: 8ba817cfceb3d9f6b6e4b7afbd514bb01d9e7163
  ReactiveCocoa: 1f6265f9d521923d3efcc37b00722cefc16df269

COCOAPODS: 0.29.0
